lockfileVersion: 5.3

specifiers:
  '@types/node': ^17.0.9
  binascii: ^0.0.2
  crypto-random-string: ^3.3.0
  esbuild: ^0.14.11
  esbuild-register: ^3.3.2
  typescript: ^4.5.4
  uvu: ^0.5.3

dependencies:
  '@types/node': 17.0.9
  binascii: 0.0.2
  crypto-random-string: 3.3.1

devDependencies:
  esbuild: 0.14.11
  esbuild-register: 3.3.2_esbuild@0.14.11
  typescript: 4.5.4
  uvu: 0.5.3

packages:

  /@types/node/17.0.9:
    resolution: {integrity: sha512-5dNBXu/FOER+EXnyah7rn8xlNrfMOQb/qXnw4NQgLkCygKBKhdmF/CA5oXVOKZLBEahw8s2WP9LxIcN/oDDRgQ==}
    dev: false

  /binascii/0.0.2:
    resolution: {integrity: sha1-p/iogB28z4sXVrdD2qD+6eLZ4O4=}
    dev: false

  /crypto-random-string/3.3.1:
    resolution: {integrity: sha512-5j88ECEn6h17UePrLi6pn1JcLtAiANa3KExyr9y9Z5vo2mv56Gh3I4Aja/B9P9uyMwyxNHAHWv+nE72f30T5Dg==}
    engines: {node: '>=8'}
    dependencies:
      type-fest: 0.8.1
    dev: false

  /dequal/2.0.2:
    resolution: {integrity: sha512-q9K8BlJVxK7hQYqa6XISGmBZbtQQWVXSrRrWreHC94rMt1QL/Impruc+7p2CYSYuVIUr+YCt6hjrs1kkdJRTug==}
    engines: {node: '>=6'}
    dev: true

  /diff/5.0.0:
    resolution: {integrity: sha512-/VTCrvm5Z0JGty/BWHljh+BAiw3IK+2j87NGMu8Nwc/f48WoDAC395uomO9ZD117ZOBaHmkX1oyLvkVM/aIT3w==}
    engines: {node: '>=0.3.1'}
    dev: true

  /esbuild-android-arm64/0.14.11:
    resolution: {integrity: sha512-6iHjgvMnC/SzDH8TefL+/3lgCjYWwAd1LixYfmz/TBPbDQlxcuSkX0yiQgcJB9k+ibZ54yjVXziIwGdlc+6WNw==}
    cpu: [arm64]
    os: [android]
    requiresBuild: true
    dev: true
    optional: true

  /esbuild-darwin-64/0.14.11:
    resolution: {integrity: sha512-olq84ikh6TiBcrs3FnM4eR5VPPlcJcdW8BnUz/lNoEWYifYQ+Po5DuYV1oz1CTFMw4k6bQIZl8T3yxL+ZT2uvQ==}
    cpu: [x64]
    os: [darwin]
    requiresBuild: true
    dev: true
    optional: true

  /esbuild-darwin-arm64/0.14.11:
    resolution: {integrity: sha512-Jj0ieWLREPBYr/TZJrb2GFH8PVzDqiQWavo1pOFFShrcmHWDBDrlDxPzEZ67NF/Un3t6sNNmeI1TUS/fe1xARg==}
    cpu: [arm64]
    os: [darwin]
    requiresBuild: true
    dev: true
    optional: true

  /esbuild-freebsd-64/0.14.11:
    resolution: {integrity: sha512-C5sT3/XIztxxz/zwDjPRHyzj/NJFOnakAanXuyfLDwhwupKPd76/PPHHyJx6Po6NI6PomgVp/zi6GRB8PfrOTA==}
    cpu: [x64]
    os: [freebsd]
    requiresBuild: true
    dev: true
    optional: true

  /esbuild-freebsd-arm64/0.14.11:
    resolution: {integrity: sha512-y3Llu4wbs0bk4cwjsdAtVOesXb6JkdfZDLKMt+v1U3tOEPBdSu6w8796VTksJgPfqvpX22JmPLClls0h5p+L9w==}
    cpu: [arm64]
    os: [freebsd]
    requiresBuild: true
    dev: true
    optional: true

  /esbuild-linux-32/0.14.11:
    resolution: {integrity: sha512-Cg3nVsxArjyLke9EuwictFF3Sva+UlDTwHIuIyx8qpxRYAOUTmxr2LzYrhHyTcGOleLGXUXYsnUVwKqnKAgkcg==}
    cpu: [ia32]
    os: [linux]
    requiresBuild: true
    dev: true
    optional: true

  /esbuild-linux-64/0.14.11:
    resolution: {integrity: sha512-oeR6dIrrojr8DKVrxtH3xl4eencmjsgI6kPkDCRIIFwv4p+K7ySviM85K66BN01oLjzthpUMvBVfWSJkBLeRbg==}
    cpu: [x64]
    os: [linux]
    requiresBuild: true
    dev: true
    optional: true

  /esbuild-linux-arm/0.14.11:
    resolution: {integrity: sha512-vcwskfD9g0tojux/ZaTJptJQU3a7YgTYsptK1y6LQ/rJmw7U5QJvboNawqM98Ca3ToYEucfCRGbl66OTNtp6KQ==}
    cpu: [arm]
    os: [linux]
    requiresBuild: true
    dev: true
    optional: true

  /esbuild-linux-arm64/0.14.11:
    resolution: {integrity: sha512-+e6ZCgTFQYZlmg2OqLkg1jHLYtkNDksxWDBWNtI4XG4WxuOCUErLqfEt9qWjvzK3XBcCzHImrajkUjO+rRkbMg==}
    cpu: [arm64]
    os: [linux]
    requiresBuild: true
    dev: true
    optional: true

  /esbuild-linux-mips64le/0.14.11:
    resolution: {integrity: sha512-Rrs99L+p54vepmXIb87xTG6ukrQv+CzrM8eoeR+r/OFL2Rg8RlyEtCeshXJ2+Q66MXZOgPJaokXJZb9snq28bw==}
    cpu: [mips64el]
    os: [linux]
    requiresBuild: true
    dev: true
    optional: true

  /esbuild-linux-ppc64le/0.14.11:
    resolution: {integrity: sha512-JyzziGAI0D30Vyzt0HDihp4s1IUtJ3ssV2zx9O/c+U/dhUHVP2TmlYjzCfCr2Q6mwXTeloDcLS4qkyvJtYptdQ==}
    cpu: [ppc64]
    os: [linux]
    requiresBuild: true
    dev: true
    optional: true

  /esbuild-linux-s390x/0.14.11:
    resolution: {integrity: sha512-DoThrkzunZ1nfRGoDN6REwmo8ZZWHd2ztniPVIR5RMw/Il9wiWEYBahb8jnMzQaSOxBsGp0PbyJeVLTUatnlcw==}
    cpu: [s390x]
    os: [linux]
    requiresBuild: true
    dev: true
    optional: true

  /esbuild-netbsd-64/0.14.11:
    resolution: {integrity: sha512-12luoRQz+6eihKYh1zjrw0CBa2aw3twIiHV/FAfjh2NEBDgJQOY4WCEUEN+Rgon7xmLh4XUxCQjnwrvf8zhACw==}
    cpu: [x64]
    os: [netbsd]
    requiresBuild: true
    dev: true
    optional: true

  /esbuild-openbsd-64/0.14.11:
    resolution: {integrity: sha512-l18TZDjmvwW6cDeR4fmizNoxndyDHamGOOAenwI4SOJbzlJmwfr0jUgjbaXCUuYVOA964siw+Ix+A+bhALWg8Q==}
    cpu: [x64]
    os: [openbsd]
    requiresBuild: true
    dev: true
    optional: true

  /esbuild-register/3.3.2_esbuild@0.14.11:
    resolution: {integrity: sha512-jceAtTO6zxPmCfSD5cBb3rgIK1vmuqCKYwgylHiS1BF4pq0jJiJb4K2QMuqF4BEw7XDBRatYzip0upyTzfkgsQ==}
    peerDependencies:
      esbuild: '>=0.12 <1'
    dependencies:
      esbuild: 0.14.11
    dev: true

  /esbuild-sunos-64/0.14.11:
    resolution: {integrity: sha512-bmYzDtwASBB8c+0/HVOAiE9diR7+8zLm/i3kEojUH2z0aIs6x/S4KiTuT5/0VKJ4zk69kXel1cNWlHBMkmavQg==}
    cpu: [x64]
    os: [sunos]
    requiresBuild: true
    dev: true
    optional: true

  /esbuild-windows-32/0.14.11:
    resolution: {integrity: sha512-J1Ys5hMid8QgdY00OBvIolXgCQn1ARhYtxPnG6ESWNTty3ashtc4+As5nTrsErnv8ZGUcWZe4WzTP/DmEVX1UQ==}
    cpu: [ia32]
    os: [win32]
    requiresBuild: true
    dev: true
    optional: true

  /esbuild-windows-64/0.14.11:
    resolution: {integrity: sha512-h9FmMskMuGeN/9G9+LlHPAoiQk9jlKDUn9yA0MpiGzwLa82E7r1b1u+h2a+InprbSnSLxDq/7p5YGtYVO85Mlg==}
    cpu: [x64]
    os: [win32]
    requiresBuild: true
    dev: true
    optional: true

  /esbuild-windows-arm64/0.14.11:
    resolution: {integrity: sha512-dZp7Krv13KpwKklt9/1vBFBMqxEQIO6ri7Azf8C+ob4zOegpJmha2XY9VVWP/OyQ0OWk6cEeIzMJwInRZrzBUQ==}
    cpu: [arm64]
    os: [win32]
    requiresBuild: true
    dev: true
    optional: true

  /esbuild/0.14.11:
    resolution: {integrity: sha512-xZvPtVj6yecnDeFb3KjjCM6i7B5TCAQZT77kkW/CpXTMnd6VLnRPKrUB1XHI1pSq6a4Zcy3BGueQ8VljqjDGCg==}
    hasBin: true
    requiresBuild: true
    optionalDependencies:
      esbuild-android-arm64: 0.14.11
      esbuild-darwin-64: 0.14.11
      esbuild-darwin-arm64: 0.14.11
      esbuild-freebsd-64: 0.14.11
      esbuild-freebsd-arm64: 0.14.11
      esbuild-linux-32: 0.14.11
      esbuild-linux-64: 0.14.11
      esbuild-linux-arm: 0.14.11
      esbuild-linux-arm64: 0.14.11
      esbuild-linux-mips64le: 0.14.11
      esbuild-linux-ppc64le: 0.14.11
      esbuild-linux-s390x: 0.14.11
      esbuild-netbsd-64: 0.14.11
      esbuild-openbsd-64: 0.14.11
      esbuild-sunos-64: 0.14.11
      esbuild-windows-32: 0.14.11
      esbuild-windows-64: 0.14.11
      esbuild-windows-arm64: 0.14.11
    dev: true

  /kleur/4.1.4:
    resolution: {integrity: sha512-8QADVssbrFjivHWQU7KkMgptGTl6WAcSdlbBPY4uNF+mWr6DGcKrvY2w4FQJoXch7+fKMjj0dRrL75vk3k23OA==}
    engines: {node: '>=6'}
    dev: true

  /mri/1.2.0:
    resolution: {integrity: sha512-tzzskb3bG8LvYGFF/mDTpq3jpI6Q9wc3LEmBaghu+DdCssd1FakN7Bc0hVNmEyGq1bq3RgfkCb3cmQLpNPOroA==}
    engines: {node: '>=4'}
    dev: true

  /sade/1.8.1:
    resolution: {integrity: sha512-xal3CZX1Xlo/k4ApwCFrHVACi9fBqJ7V+mwhBsuf/1IOKbBy098Fex+Wa/5QMubw09pSZ/u8EY8PWgevJsXp1A==}
    engines: {node: '>=6'}
    dependencies:
      mri: 1.2.0
    dev: true

  /type-fest/0.8.1:
    resolution: {integrity: sha512-4dbzIzqvjtgiM5rw1k5rEHtBANKmdudhGyBEajN01fEyhaAIhsoKNy6y7+IN93IfpFtwY9iqi7kD+xwKhQsNJA==}
    engines: {node: '>=8'}
    dev: false

  /typescript/4.5.4:
    resolution: {integrity: sha512-VgYs2A2QIRuGphtzFV7aQJduJ2gyfTljngLzjpfW9FoYZF6xuw1W0vW9ghCKLfcWrCFxK81CSGRAvS1pn4fIUg==}
    engines: {node: '>=4.2.0'}
    hasBin: true
    dev: true

  /uvu/0.5.3:
    resolution: {integrity: sha512-brFwqA3FXzilmtnIyJ+CxdkInkY/i4ErvP7uV0DnUVxQcQ55reuHphorpF+tZoVHK2MniZ/VJzI7zJQoc9T9Yw==}
    engines: {node: '>=8'}
    hasBin: true
    dependencies:
      dequal: 2.0.2
      diff: 5.0.0
      kleur: 4.1.4
      sade: 1.8.1
    dev: true
